
Microsoft Visual Studio Solution File, Format Version 12.00
# Visual Studio Version 17
VisualStudioVersion = 17.4.33205.214
MinimumVisualStudioVersion = 10.0.40219.1
Project("{FAE04EC0-301F-11D3-BF4B-00C04F79EFBC}") = "Calulator", "Calulator\Calulator.csproj", "{D9A98EC9-3F88-4172-81CF-B116E2023C77}"
EndProject
Global
	GlobalSection(SolutionConfigurationPlatforms) = preSolution
		Debug|Any CPU = Debug|Any CPU
		Release|Any CPU = Release|Any CPU
	EndGlobalSection
	GlobalSection(ProjectConfigurationPlatforms) = postSolution
		{D9A98EC9-3F88-4172-81CF-B116E2023C77}.Debug|Any CPU.ActiveCfg = Debug|Any CPU
		{D9A98EC9-3F88-4172-81CF-B116E2023C77}.Debug|Any CPU.Build.0 = Debug|Any CPU
		{D9A98EC9-3F88-4172-81CF-B116E2023C77}.Release|Any CPU.ActiveCfg = Release|Any CPU
		{D9A98EC9-3F88-4172-81CF-B116E2023C77}.Release|Any CPU.Build.0 = Release|Any CPU
	EndGlobalSection
	GlobalSection(SolutionProperties) = preSolution
		HideSolutionNode = FALSE
	EndGlobalSection
	GlobalSection(ExtensibilityGlobals) = postSolution
		SolutionGuid = {54843A50-6889-45FA-B29D-615D039EF6B9}
	EndGlobalSection
EndGlobal
